
Microsoft Visual Studio Solution File, Format Version 12.00
# Visual Studio Version 16
VisualStudioVersion = 16.0.29926.136
MinimumVisualStudioVersion = 10.0.40219.1
Project("{9A19103F-16F7-4668-BE54-9A1E7A4F7556}") = "api_service", "api_service.csproj", "{F39CDB83-B87F-4655-97AF-E3D7C0222981}"
EndProject
Global
	GlobalSection(SolutionConfigurationPlatforms) = preSolution
		Debug|Any CPU = Debug|Any CPU
		Release|Any CPU = Release|Any CPU
	EndGlobalSection
	GlobalSection(ProjectConfigurationPlatforms) = postSolution
		{F39CDB83-B87F-4655-97AF-E3D7C0222981}.Debug|Any CPU.ActiveCfg = Debug|Any CPU
		{F39CDB83-B87F-4655-97AF-E3D7C0222981}.Debug|Any CPU.Build.0 = Debug|Any CPU
		{F39CDB83-B87F-4655-97AF-E3D7C0222981}.Release|Any CPU.ActiveCfg = Release|Any CPU
		{F39CDB83-B87F-4655-97AF-E3D7C0222981}.Release|Any CPU.Build.0 = Release|Any CPU
	EndGlobalSection
	GlobalSection(SolutionProperties) = preSolution
		HideSolutionNode = FALSE
	EndGlobalSection
	GlobalSection(ExtensibilityGlobals) = postSolution
		SolutionGuid = {5EAC031A-5622-4E76-9EE4-DA2F58F53A6E}
	EndGlobalSection
EndGlobal
